// !$*UTF8*$!
{
	archiveVersion = 1;
	classes = {
	};
	objectVersion = 50;
	objects = {

/* Begin PBXBuildFile section */
		8F16B6587DB72C80ADA54A8B /* Pods_passionfruit.framework in Frameworks */ = {isa = PBXBuildFile; fileRef = FCED88A785FF6E8301F506A7 /* Pods_passionfruit.framework */; };
		D91E9C78225D600F003FD5FB /* GoogleService-Info.plist in Resources */ = {isa = PBXBuildFile; fileRef = D91E9C77225D600F003FD5FB /* GoogleService-Info.plist */; };
		D92F2C9D22387BBB007094BB /* FeedViewModel.swift in Sources */ = {isa = PBXBuildFile; fileRef = D92F2C9C22387BBB007094BB /* FeedViewModel.swift */; };
		D96AF3E6225D706100A462A4 /* SignUpViewController.swift in Sources */ = {isa = PBXBuildFile; fileRef = D96AF3E5225D706100A462A4 /* SignUpViewController.swift */; };
		D985995C2258182400F52B8E /* FeedCell.swift in Sources */ = {isa = PBXBuildFile; fileRef = D985995B2258182400F52B8E /* FeedCell.swift */; };
		D9B5FE23223834C300EF8074 /* ProfileViewController.swift in Sources */ = {isa = PBXBuildFile; fileRef = D9B5FE22223834C300EF8074 /* ProfileViewController.swift */; };
		D9B5FE25223838A900EF8074 /* APIClient.swift in Sources */ = {isa = PBXBuildFile; fileRef = D9B5FE24223838A900EF8074 /* APIClient.swift */; };
		D9BCEA81225B9CBA00EA5E61 /* FeedViewController.swift in Sources */ = {isa = PBXBuildFile; fileRef = D9BCEA80225B9CBA00EA5E61 /* FeedViewController.swift */; };
		D9BCEA83225C0B0A00EA5E61 /* PopupViewController.swift in Sources */ = {isa = PBXBuildFile; fileRef = D9BCEA82225C0B0A00EA5E61 /* PopupViewController.swift */; };
		D9DCE04B221CDE3B00D71CC2 /* AppDelegate.swift in Sources */ = {isa = PBXBuildFile; fileRef = D9DCE04A221CDE3B00D71CC2 /* AppDelegate.swift */; };
		D9DCE04D221CDE3B00D71CC2 /* LoginViewController.swift in Sources */ = {isa = PBXBuildFile; fileRef = D9DCE04C221CDE3B00D71CC2 /* LoginViewController.swift */; };
		D9DCE050221CDE3B00D71CC2 /* Main.storyboard in Resources */ = {isa = PBXBuildFile; fileRef = D9DCE04E221CDE3B00D71CC2 /* Main.storyboard */; };
		D9DCE052221CDE3D00D71CC2 /* Assets.xcassets in Resources */ = {isa = PBXBuildFile; fileRef = D9DCE051221CDE3D00D71CC2 /* Assets.xcassets */; };
		D9DCE055221CDE3D00D71CC2 /* LaunchScreen.storyboard in Resources */ = {isa = PBXBuildFile; fileRef = D9DCE053221CDE3D00D71CC2 /* LaunchScreen.storyboard */; };
/* End PBXBuildFile section */

/* Begin PBXFileReference section */
		85D48C70323DA3AAEEB51A4C /* Pods-passionfruit.debug.xcconfig */ = {isa = PBXFileReference; includeInIndex = 1; lastKnownFileType = text.xcconfig; name = "Pods-passionfruit.debug.xcconfig"; path = "Target Support Files/Pods-passionfruit/Pods-passionfruit.debug.xcconfig"; sourceTree = "<group>"; };
		A622062BE77FDEC6D46CB85B /* Pods-passionfruit.release.xcconfig */ = {isa = PBXFileReference; includeInIndex = 1; lastKnownFileType = text.xcconfig; name = "Pods-passionfruit.release.xcconfig"; path = "Target Support Files/Pods-passionfruit/Pods-passionfruit.release.xcconfig"; sourceTree = "<group>"; };
		D91E9C77225D600F003FD5FB /* GoogleService-Info.plist */ = {isa = PBXFileReference; fileEncoding = 4; lastKnownFileType = text.plist.xml; path = "GoogleService-Info.plist"; sourceTree = "<group>"; };
		D92F2C9C22387BBB007094BB /* FeedViewModel.swift */ = {isa = PBXFileReference; lastKnownFileType = sourcecode.swift; path = FeedViewModel.swift; sourceTree = "<group>"; };
		D96AF3E5225D706100A462A4 /* SignUpViewController.swift */ = {isa = PBXFileReference; lastKnownFileType = sourcecode.swift; name = SignUpViewController.swift; path = "/Users/Rishab/Documents/Projects/passionfruit-iOS/passionfruit/View Controllers/SignUpViewController.swift"; sourceTree = "<absolute>"; };
		D985995B2258182400F52B8E /* FeedCell.swift */ = {isa = PBXFileReference; lastKnownFileType = sourcecode.swift; path = FeedCell.swift; sourceTree = "<group>"; };
		D9B5FE22223834C300EF8074 /* ProfileViewController.swift */ = {isa = PBXFileReference; lastKnownFileType = sourcecode.swift; path = ProfileViewController.swift; sourceTree = "<group>"; };
		D9B5FE24223838A900EF8074 /* APIClient.swift */ = {isa = PBXFileReference; lastKnownFileType = sourcecode.swift; path = APIClient.swift; sourceTree = "<group>"; };
		D9BCEA80225B9CBA00EA5E61 /* FeedViewController.swift */ = {isa = PBXFileReference; lastKnownFileType = sourcecode.swift; path = FeedViewController.swift; sourceTree = "<group>"; };
		D9BCEA82225C0B0A00EA5E61 /* PopupViewController.swift */ = {isa = PBXFileReference; lastKnownFileType = sourcecode.swift; path = PopupViewController.swift; sourceTree = "<group>"; };
		D9DCE047221CDE3B00D71CC2 /* passionfruit.app */ = {isa = PBXFileReference; explicitFileType = wrapper.application; includeInIndex = 0; path = passionfruit.app; sourceTree = BUILT_PRODUCTS_DIR; };
		D9DCE04A221CDE3B00D71CC2 /* AppDelegate.swift */ = {isa = PBXFileReference; lastKnownFileType = sourcecode.swift; path = AppDelegate.swift; sourceTree = "<group>"; };
		D9DCE04C221CDE3B00D71CC2 /* LoginViewController.swift */ = {isa = PBXFileReference; lastKnownFileType = sourcecode.swift; path = LoginViewController.swift; sourceTree = "<group>"; };
		D9DCE04F221CDE3B00D71CC2 /* Base */ = {isa = PBXFileReference; lastKnownFileType = file.storyboard; name = Base; path = Base.lproj/Main.storyboard; sourceTree = "<group>"; };
		D9DCE051221CDE3D00D71CC2 /* Assets.xcassets */ = {isa = PBXFileReference; lastKnownFileType = folder.assetcatalog; path = Assets.xcassets; sourceTree = "<group>"; };
		D9DCE054221CDE3D00D71CC2 /* Base */ = {isa = PBXFileReference; lastKnownFileType = file.storyboard; name = Base; path = Base.lproj/LaunchScreen.storyboard; sourceTree = "<group>"; };
		D9DCE056221CDE3D00D71CC2 /* Info.plist */ = {isa = PBXFileReference; lastKnownFileType = text.plist.xml; path = Info.plist; sourceTree = "<group>"; };
		FCED88A785FF6E8301F506A7 /* Pods_passionfruit.framework */ = {isa = PBXFileReference; explicitFileType = wrapper.framework; includeInIndex = 0; path = Pods_passionfruit.framework; sourceTree = BUILT_PRODUCTS_DIR; };
/* End PBXFileReference section */

/* Begin PBXFrameworksBuildPhase section */
		D9DCE044221CDE3B00D71CC2 /* Frameworks */ = {
			isa = PBXFrameworksBuildPhase;
			buildActionMask = 2147483647;
			files = (
				8F16B6587DB72C80ADA54A8B /* Pods_passionfruit.framework in Frameworks */,
			);
			runOnlyForDeploymentPostprocessing = 0;
		};
/* End PBXFrameworksBuildPhase section */

/* Begin PBXGroup section */
		6761A02CDEA4D547F01F91DF /* Pods */ = {
			isa = PBXGroup;
			children = (
				85D48C70323DA3AAEEB51A4C /* Pods-passionfruit.debug.xcconfig */,
				A622062BE77FDEC6D46CB85B /* Pods-passionfruit.release.xcconfig */,
			);
			path = Pods;
			sourceTree = "<group>";
		};
		D9B5FE1E2238331100EF8074 /* View Controllers */ = {
			isa = PBXGroup;
			children = (
				D96AF3E5225D706100A462A4 /* SignUpViewController.swift */,
				D9BCEA82225C0B0A00EA5E61 /* PopupViewController.swift */,
				D9BCEA80225B9CBA00EA5E61 /* FeedViewController.swift */,
				D9B5FE22223834C300EF8074 /* ProfileViewController.swift */,
				D9DCE04C221CDE3B00D71CC2 /* LoginViewController.swift */,
				D985995B2258182400F52B8E /* FeedCell.swift */,
			);
			path = "View Controllers";
			sourceTree = "<group>";
		};
		D9B5FE1F2238331C00EF8074 /* View Models */ = {
			isa = PBXGroup;
			children = (
				D92F2C9C22387BBB007094BB /* FeedViewModel.swift */,
			);
			name = "View Models";
			sourceTree = "<group>";
		};
		D9DCE03E221CDE3B00D71CC2 = {
			isa = PBXGroup;
			children = (
				D9DCE049221CDE3B00D71CC2 /* passionfruit */,
				D9DCE048221CDE3B00D71CC2 /* Products */,
				6761A02CDEA4D547F01F91DF /* Pods */,
				F797ACA7628D5E9FCF509CEA /* Frameworks */,
			);
			sourceTree = "<group>";
		};
		D9DCE048221CDE3B00D71CC2 /* Products */ = {
			isa = PBXGroup;
			children = (
				D9DCE047221CDE3B00D71CC2 /* passionfruit.app */,
			);
			name = Products;
			sourceTree = "<group>";
		};
		D9DCE049221CDE3B00D71CC2 /* passionfruit */ = {
			isa = PBXGroup;
			children = (
				D91E9C77225D600F003FD5FB /* GoogleService-Info.plist */,
				D9B5FE24223838A900EF8074 /* APIClient.swift */,
				D9B5FE1F2238331C00EF8074 /* View Models */,
				D9B5FE1E2238331100EF8074 /* View Controllers */,
				D9DCE04A221CDE3B00D71CC2 /* AppDelegate.swift */,
				D9DCE04E221CDE3B00D71CC2 /* Main.storyboard */,
				D9DCE051221CDE3D00D71CC2 /* Assets.xcassets */,
				D9DCE053221CDE3D00D71CC2 /* LaunchScreen.storyboard */,
				D9DCE056221CDE3D00D71CC2 /* Info.plist */,
			);
			path = passionfruit;
			sourceTree = "<group>";
		};
		F797ACA7628D5E9FCF509CEA /* Frameworks */ = {
			isa = PBXGroup;
			children = (
				FCED88A785FF6E8301F506A7 /* Pods_passionfruit.framework */,
			);
			name = Frameworks;
			sourceTree = "<group>";
		};
/* End PBXGroup section */

/* Begin PBXNativeTarget section */
		D9DCE046221CDE3B00D71CC2 /* passionfruit */ = {
			isa = PBXNativeTarget;
			buildConfigurationList = D9DCE059221CDE3D00D71CC2 /* Build configuration list for PBXNativeTarget "passionfruit" */;
			buildPhases = (
				A74E520488F481B2BE0F7FF4 /* [CP] Check Pods Manifest.lock */,
				D9DCE043221CDE3B00D71CC2 /* Sources */,
				D9DCE044221CDE3B00D71CC2 /* Frameworks */,
				D9DCE045221CDE3B00D71CC2 /* Resources */,
				57CF8AC4DD3D3CDEE8EC14BB /* [CP] Embed Pods Frameworks */,
				DA46BA4EEA34D6C98A4B5B26 /* [CP] Copy Pods Resources */,
			);
			buildRules = (
			);
			dependencies = (
			);
			name = passionfruit;
			productName = passionfruit;
			productReference = D9DCE047221CDE3B00D71CC2 /* passionfruit.app */;
			productType = "com.apple.product-type.application";
		};
/* End PBXNativeTarget section */

/* Begin PBXProject section */
		D9DCE03F221CDE3B00D71CC2 /* Project object */ = {
			isa = PBXProject;
			attributes = {
				LastSwiftUpdateCheck = 1010;
				LastUpgradeCheck = 1010;
				ORGANIZATIONNAME = "Rishab Chawla";
				TargetAttributes = {
					D9DCE046221CDE3B00D71CC2 = {
						CreatedOnToolsVersion = 10.1;
					};
				};
			};
			buildConfigurationList = D9DCE042221CDE3B00D71CC2 /* Build configuration list for PBXProject "passionfruit" */;
			compatibilityVersion = "Xcode 9.3";
			developmentRegion = en;
			hasScannedForEncodings = 0;
			knownRegions = (
				en,
				Base,
			);
			mainGroup = D9DCE03E221CDE3B00D71CC2;
			productRefGroup = D9DCE048221CDE3B00D71CC2 /* Products */;
			projectDirPath = "";
			projectRoot = "";
			targets = (
				D9DCE046221CDE3B00D71CC2 /* passionfruit */,
			);
		};
/* End PBXProject section */

/* Begin PBXResourcesBuildPhase section */
		D9DCE045221CDE3B00D71CC2 /* Resources */ = {
			isa = PBXResourcesBuildPhase;
			buildActionMask = 2147483647;
			files = (
				D9DCE055221CDE3D00D71CC2 /* LaunchScreen.storyboard in Resources */,
				D91E9C78225D600F003FD5FB /* GoogleService-Info.plist in Resources */,
				D9DCE052221CDE3D00D71CC2 /* Assets.xcassets in Resources */,
				D9DCE050221CDE3B00D71CC2 /* Main.storyboard in Resources */,
			);
			runOnlyForDeploymentPostprocessing = 0;
		};
/* End PBXResourcesBuildPhase section */

/* Begin PBXShellScriptBuildPhase section */
		57CF8AC4DD3D3CDEE8EC14BB /* [CP] Embed Pods Frameworks */ = {
			isa = PBXShellScriptBuildPhase;
			buildActionMask = 2147483647;
			files = (
			);
			inputFileListPaths = (
				"${PODS_ROOT}/Target Support Files/Pods-passionfruit/Pods-passionfruit-frameworks-${CONFIGURATION}-input-files.xcfilelist",
			);
			name = "[CP] Embed Pods Frameworks";
			outputFileListPaths = (
				"${PODS_ROOT}/Target Support Files/Pods-passionfruit/Pods-passionfruit-frameworks-${CONFIGURATION}-output-files.xcfilelist",
			);
			runOnlyForDeploymentPostprocessing = 0;
			shellPath = /bin/sh;
			shellScript = "\"${PODS_ROOT}/Target Support Files/Pods-passionfruit/Pods-passionfruit-frameworks.sh\"\n";
			showEnvVarsInLog = 0;
		};
		A74E520488F481B2BE0F7FF4 /* [CP] Check Pods Manifest.lock */ = {
			isa = PBXShellScriptBuildPhase;
			buildActionMask = 2147483647;
			files = (
			);
			inputFileListPaths = (
			);
			inputPaths = (
				"${PODS_PODFILE_DIR_PATH}/Podfile.lock",
				"${PODS_ROOT}/Manifest.lock",
			);
			name = "[CP] Check Pods Manifest.lock";
			outputFileListPaths = (
			);
			outputPaths = (
				"$(DERIVED_FILE_DIR)/Pods-passionfruit-checkManifestLockResult.txt",
			);
			runOnlyForDeploymentPostprocessing = 0;
			shellPath = /bin/sh;
			shellScript = "diff \"${PODS_PODFILE_DIR_PATH}/Podfile.lock\" \"${PODS_ROOT}/Manifest.lock\" > /dev/null\nif [ $? != 0 ] ; then\n    # print error to STDERR\n    echo \"error: The sandbox is not in sync with the Podfile.lock. Run 'pod install' or update your CocoaPods installation.\" >&2\n    exit 1\nfi\n# This output is used by Xcode 'outputs' to avoid re-running this script phase.\necho \"SUCCESS\" > \"${SCRIPT_OUTPUT_FILE_0}\"\n";
			showEnvVarsInLog = 0;
		};
		DA46BA4EEA34D6C98A4B5B26 /* [CP] Copy Pods Resources */ = {
			isa = PBXShellScriptBuildPhase;
			buildActionMask = 2147483647;
			files = (
			);
			inputFileListPaths = (
				"${PODS_ROOT}/Target Support Files/Pods-passionfruit/Pods-passionfruit-resources-${CONFIGURATION}-input-files.xcfilelist",
			);
			name = "[CP] Copy Pods Resources";
			outputFileListPaths = (
				"${PODS_ROOT}/Target Support Files/Pods-passionfruit/Pods-passionfruit-resources-${CONFIGURATION}-output-files.xcfilelist",
			);
			runOnlyForDeploymentPostprocessing = 0;
			shellPath = /bin/sh;
			shellScript = "\"${PODS_ROOT}/Target Support Files/Pods-passionfruit/Pods-passionfruit-resources.sh\"\n";
			showEnvVarsInLog = 0;
		};
/* End PBXShellScriptBuildPhase section */

/* Begin PBXSourcesBuildPhase section */
		D9DCE043221CDE3B00D71CC2 /* Sources */ = {
			isa = PBXSourcesBuildPhase;
			buildActionMask = 2147483647;
			files = (
				D985995C2258182400F52B8E /* FeedCell.swift in Sources */,
				D92F2C9D22387BBB007094BB /* FeedViewModel.swift in Sources */,
				D9DCE04D221CDE3B00D71CC2 /* LoginViewController.swift in Sources */,
				D9B5FE23223834C300EF8074 /* ProfileViewController.swift in Sources */,
				D9B5FE25223838A900EF8074 /* APIClient.swift in Sources */,
				D9BCEA81225B9CBA00EA5E61 /* FeedViewController.swift in Sources */,
				D96AF3E6225D706100A462A4 /* SignUpViewController.swift in Sources */,
				D9DCE04B221CDE3B00D71CC2 /* AppDelegate.swift in Sources */,
				D9BCEA83225C0B0A00EA5E61 /* PopupViewController.swift in Sources */,
			);
			runOnlyForDeploymentPostprocessing = 0;
		};
/* End PBXSourcesBuildPhase section */

/* Begin PBXVariantGroup section */
		D9DCE04E221CDE3B00D71CC2 /* Main.storyboard */ = {
			isa = PBXVariantGroup;
			children = (
				D9DCE04F221CDE3B00D71CC2 /* Base */,
			);
			name = Main.storyboard;
			sourceTree = "<group>";
		};
		D9DCE053221CDE3D00D71CC2 /* LaunchScreen.storyboard */ = {
			isa = PBXVariantGroup;
			children = (
				D9DCE054221CDE3D00D71CC2 /* Base */,
			);
			name = LaunchScreen.storyboard;
			sourceTree = "<group>";
		};
/* End PBXVariantGroup section */

/* Begin XCBuildConfiguration section */
		D9DCE057221CDE3D00D71CC2 /* Debug */ = {
			isa = XCBuildConfiguration;
			buildSettings = {
				ALWAYS_SEARCH_USER_PATHS = NO;
				CLANG_ANALYZER_NONNULL = YES;
				CLANG_ANALYZER_NUMBER_OBJECT_CONVERSION = YES_AGGRESSIVE;
				CLANG_CXX_LANGUAGE_STANDARD = "gnu++14";
				CLANG_CXX_LIBRARY = "libc++";
				CLANG_ENABLE_MODULES = YES;
				CLANG_ENABLE_OBJC_ARC = YES;
				CLANG_ENABLE_OBJC_WEAK = YES;
				CLANG_WARN_BLOCK_CAPTURE_AUTORELEASING = YES;
				CLANG_WARN_BOOL_CONVERSION = YES;
				CLANG_WARN_COMMA = YES;
				CLANG_WARN_CONSTANT_CONVERSION = YES;
				CLANG_WARN_DEPRECATED_OBJC_IMPLEMENTATIONS = YES;
				CLANG_WARN_DIRECT_OBJC_ISA_USAGE = YES_ERROR;
				CLANG_WARN_DOCUMENTATION_COMMENTS = YES;
				CLANG_WARN_EMPTY_BODY = YES;
				CLANG_WARN_ENUM_CONVERSION = YES;
				CLANG_WARN_INFINITE_RECURSION = YES;
				CLANG_WARN_INT_CONVERSION = YES;
				CLANG_WARN_NON_LITERAL_NULL_CONVERSION = YES;
				CLANG_WARN_OBJC_IMPLICIT_RETAIN_SELF = YES;
				CLANG_WARN_OBJC_LITERAL_CONVERSION = YES;
				CLANG_WARN_OBJC_ROOT_CLASS = YES_ERROR;
				CLANG_WARN_RANGE_LOOP_ANALYSIS = YES;
				CLANG_WARN_STRICT_PROTOTYPES = YES;
				CLANG_WARN_SUSPICIOUS_MOVE = YES;
				CLANG_WARN_UNGUARDED_AVAILABILITY = YES_AGGRESSIVE;
				CLANG_WARN_UNREACHABLE_CODE = YES;
				CLANG_WARN__DUPLICATE_METHOD_MATCH = YES;
				CODE_SIGN_IDENTITY = "iPhone Developer";
				COPY_PHASE_STRIP = NO;
				DEBUG_INFORMATION_FORMAT = dwarf;
				ENABLE_STRICT_OBJC_MSGSEND = YES;
				ENABLE_TESTABILITY = YES;
				GCC_C_LANGUAGE_STANDARD = gnu11;
				GCC_DYNAMIC_NO_PIC = NO;
				GCC_NO_COMMON_BLOCKS = YES;
				GCC_OPTIMIZATION_LEVEL = 0;
				GCC_PREPROCESSOR_DEFINITIONS = (
					"DEBUG=1",
					"$(inherited)",
				);
				GCC_WARN_64_TO_32_BIT_CONVERSION = YES;
				GCC_WARN_ABOUT_RETURN_TYPE = YES_ERROR;
				GCC_WARN_UNDECLARED_SELECTOR = YES;
				GCC_WARN_UNINITIALIZED_AUTOS = YES_AGGRESSIVE;
				GCC_WARN_UNUSED_FUNCTION = YES;
				GCC_WARN_UNUSED_VARIABLE = YES;
				IPHONEOS_DEPLOYMENT_TARGET = 12.1;
				MTL_ENABLE_DEBUG_INFO = INCLUDE_SOURCE;
				MTL_FAST_MATH = YES;
				ONLY_ACTIVE_ARCH = YES;
				SDKROOT = iphoneos;
				SWIFT_ACTIVE_COMPILATION_CONDITIONS = DEBUG;
				SWIFT_OPTIMIZATION_LEVEL = "-Onone";
			};
			name = Debug;
		};
		D9DCE058221CDE3D00D71CC2 /* Release */ = {
			isa = XCBuildConfiguration;
			buildSettings = {
				ALWAYS_SEARCH_USER_PATHS = NO;
				CLANG_ANALYZER_NONNULL = YES;
				CLANG_ANALYZER_NUMBER_OBJECT_CONVERSION = YES_AGGRESSIVE;
				CLANG_CXX_LANGUAGE_STANDARD = "gnu++14";
				CLANG_CXX_LIBRARY = "libc++";
				CLANG_ENABLE_MODULES = YES;
				CLANG_ENABLE_OBJC_ARC = YES;
				CLANG_ENABLE_OBJC_WEAK = YES;
				CLANG_WARN_BLOCK_CAPTURE_AUTORELEASING = YES;
				CLANG_WARN_BOOL_CONVERSION = YES;
				CLANG_WARN_COMMA = YES;
				CLANG_WARN_CONSTANT_CONVERSION = YES;
				CLANG_WARN_DEPRECATED_OBJC_IMPLEMENTATIONS = YES;
				CLANG_WARN_DIRECT_OBJC_ISA_USAGE = YES_ERROR;
				CLANG_WARN_DOCUMENTATION_COMMENTS = YES;
				CLANG_WARN_EMPTY_BODY = YES;
				CLANG_WARN_ENUM_CONVERSION = YES;
				CLANG_WARN_INFINITE_RECURSION = YES;
				CLANG_WARN_INT_CONVERSION = YES;
				CLANG_WARN_NON_LITERAL_NULL_CONVERSION = YES;
				CLANG_WARN_OBJC_IMPLICIT_RETAIN_SELF = YES;
				CLANG_WARN_OBJC_LITERAL_CONVERSION = YES;
				CLANG_WARN_OBJC_ROOT_CLASS = YES_ERROR;
				CLANG_WARN_RANGE_LOOP_ANALYSIS = YES;
				CLANG_WARN_STRICT_PROTOTYPES = YES;
				CLANG_WARN_SUSPICIOUS_MOVE = YES;
				CLANG_WARN_UNGUARDED_AVAILABILITY = YES_AGGRESSIVE;
				CLANG_WARN_UNREACHABLE_CODE = YES;
				CLANG_WARN__DUPLICATE_METHOD_MATCH = YES;
				CODE_SIGN_IDENTITY = "iPhone Developer";
				COPY_PHASE_STRIP = NO;
				DEBUG_INFORMATION_FORMAT = "dwarf-with-dsym";
				ENABLE_NS_ASSERTIONS = NO;
				ENABLE_STRICT_OBJC_MSGSEND = YES;
				GCC_C_LANGUAGE_STANDARD = gnu11;
				GCC_NO_COMMON_BLOCKS = YES;
				GCC_WARN_64_TO_32_BIT_CONVERSION = YES;
				GCC_WARN_ABOUT_RETURN_TYPE = YES_ERROR;
				GCC_WARN_UNDECLARED_SELECTOR = YES;
				GCC_WARN_UNINITIALIZED_AUTOS = YES_AGGRESSIVE;
				GCC_WARN_UNUSED_FUNCTION = YES;
				GCC_WARN_UNUSED_VARIABLE = YES;
				IPHONEOS_DEPLOYMENT_TARGET = 12.1;
				MTL_ENABLE_DEBUG_INFO = NO;
				MTL_FAST_MATH = YES;
				SDKROOT = iphoneos;
				SWIFT_COMPILATION_MODE = wholemodule;
				SWIFT_OPTIMIZATION_LEVEL = "-O";
				VALIDATE_PRODUCT = YES;
			};
			name = Release;
		};
		D9DCE05A221CDE3D00D71CC2 /* Debug */ = {
			isa = XCBuildConfiguration;
			baseConfigurationReference = 85D48C70323DA3AAEEB51A4C /* Pods-passionfruit.debug.xcconfig */;
			buildSettings = {
				ASSETCATALOG_COMPILER_APPICON_NAME = AppIcon;
				CODE_SIGN_STYLE = Automatic;
				DEVELOPMENT_TEAM = N752G2EBA8;
				INFOPLIST_FILE = passionfruit/Info.plist;
				LD_RUNPATH_SEARCH_PATHS = (
					"$(inherited)",
					"@executable_path/Frameworks",
				);
				PRODUCT_BUNDLE_IDENTIFIER = io.github.rishab.passionfruit;
				PRODUCT_NAME = "$(TARGET_NAME)";
				SWIFT_VERSION = 4.2;
				TARGETED_DEVICE_FAMILY = "1,2";
			};
			name = Debug;
		};
		D9DCE05B221CDE3D00D71CC2 /* Release */ = {
			isa = XCBuildConfiguration;
			baseConfigurationReference = A622062BE77FDEC6D46CB85B /* Pods-passionfruit.release.xcconfig */;
			buildSettings = {
				ASSETCATALOG_COMPILER_APPICON_NAME = AppIcon;
				CODE_SIGN_STYLE = Automatic;
				DEVELOPMENT_TEAM = N752G2EBA8;
				INFOPLIST_FILE = passionfruit/Info.plist;
				LD_RUNPATH_SEARCH_PATHS = (
					"$(inherited)",
					"@executable_path/Frameworks",
				);
				PRODUCT_BUNDLE_IDENTIFIER = io.github.rishab.passionfruit;
				PRODUCT_NAME = "$(TARGET_NAME)";
				SWIFT_VERSION = 4.2;
				TARGETED_DEVICE_FAMILY = "1,2";
			};
			name = Release;
		};
/* End XCBuildConfiguration section */

/* Begin XCConfigurationList section */
		D9DCE042221CDE3B00D71CC2 /* Build configuration list for PBXProject "passionfruit" */ = {
			isa = XCConfigurationList;
			buildConfigurations = (
				D9DCE057221CDE3D00D71CC2 /* Debug */,
				D9DCE058221CDE3D00D71CC2 /* Release */,
			);
			defaultConfigurationIsVisible = 0;
			defaultConfigurationName = Release;
		};
		D9DCE059221CDE3D00D71CC2 /* Build configuration list for PBXNativeTarget "passionfruit" */ = {
			isa = XCConfigurationList;
			buildConfigurations = (
				D9DCE05A221CDE3D00D71CC2 /* Debug */,
				D9DCE05B221CDE3D00D71CC2 /* Release */,
			);
			defaultConfigurationIsVisible = 0;
			defaultConfigurationName = Release;
		};
/* End XCConfigurationList section */
	};
	rootObject = D9DCE03F221CDE3B00D71CC2 /* Project object */;
}
